
Microsoft Visual Studio Solution File, Format Version 12.00
# Visual Studio Version 17
VisualStudioVersion = 17.5.2.0
MinimumVisualStudioVersion = 10.0.40219.1
Project("{FAE04EC0-301F-11D3-BF4B-00C04F79EFBC}") = "BlazorAppFirstWithMacDemo", "BlazorAppFirstWithMacDemo.csproj", "{F233C895-977F-CD4D-9FFA-9369C7D5DD4A}"
EndProject
Project("{FAE04EC0-301F-11D3-BF4B-00C04F79EFBC}") = "BlazorAppFirstWithMacDemo.Tests", "..\BlazorAppFirstWithMacDemo.Tests\BlazorAppFirstWithMacDemo.Tests.csproj", "{E9D49E2F-6866-4BC2-8475-2E1AA5550B0E}"
EndProject
Project("{FAE04EC0-301F-11D3-BF4B-00C04F79EFBC}") = "BlazorAppFirstWithMacDemo.IntegrationTests", "..\BlazorAppFirstWithMacDemo.IntegrationTests\BlazorAppFirstWithMacDemo.IntegrationTests.csproj", "{68FEEA55-73E3-477F-83EA-D06DC486F6A5}"
EndProject
Global
	GlobalSection(SolutionConfigurationPlatforms) = preSolution
		Debug|Any CPU = Debug|Any CPU
		Debug|x64 = Debug|x64
		Debug|x86 = Debug|x86
		Release|Any CPU = Release|Any CPU
		Release|x64 = Release|x64
		Release|x86 = Release|x86
	EndGlobalSection
	GlobalSection(ProjectConfigurationPlatforms) = postSolution
		{F233C895-977F-CD4D-9FFA-9369C7D5DD4A}.Debug|Any CPU.ActiveCfg = Debug|Any CPU
		{F233C895-977F-CD4D-9FFA-9369C7D5DD4A}.Debug|Any CPU.Build.0 = Debug|Any CPU
		{F233C895-977F-CD4D-9FFA-9369C7D5DD4A}.Debug|x64.ActiveCfg = Debug|Any CPU
		{F233C895-977F-CD4D-9FFA-9369C7D5DD4A}.Debug|x64.Build.0 = Debug|Any CPU
		{F233C895-977F-CD4D-9FFA-9369C7D5DD4A}.Debug|x86.ActiveCfg = Debug|Any CPU
		{F233C895-977F-CD4D-9FFA-9369C7D5DD4A}.Debug|x86.Build.0 = Debug|Any CPU
		{F233C895-977F-CD4D-9FFA-9369C7D5DD4A}.Release|Any CPU.ActiveCfg = Release|Any CPU
		{F233C895-977F-CD4D-9FFA-9369C7D5DD4A}.Release|Any CPU.Build.0 = Release|Any CPU
		{F233C895-977F-CD4D-9FFA-9369C7D5DD4A}.Release|x64.ActiveCfg = Release|Any CPU
		{F233C895-977F-CD4D-9FFA-9369C7D5DD4A}.Release|x64.Build.0 = Release|Any CPU
		{F233C895-977F-CD4D-9FFA-9369C7D5DD4A}.Release|x86.ActiveCfg = Release|Any CPU
		{F233C895-977F-CD4D-9FFA-9369C7D5DD4A}.Release|x86.Build.0 = Release|Any CPU
		{E9D49E2F-6866-4BC2-8475-2E1AA5550B0E}.Debug|Any CPU.ActiveCfg = Debug|Any CPU
		{E9D49E2F-6866-4BC2-8475-2E1AA5550B0E}.Debug|Any CPU.Build.0 = Debug|Any CPU
		{E9D49E2F-6866-4BC2-8475-2E1AA5550B0E}.Debug|x64.ActiveCfg = Debug|Any CPU
		{E9D49E2F-6866-4BC2-8475-2E1AA5550B0E}.Debug|x64.Build.0 = Debug|Any CPU
		{E9D49E2F-6866-4BC2-8475-2E1AA5550B0E}.Debug|x86.ActiveCfg = Debug|Any CPU
		{E9D49E2F-6866-4BC2-8475-2E1AA5550B0E}.Debug|x86.Build.0 = Debug|Any CPU
		{E9D49E2F-6866-4BC2-8475-2E1AA5550B0E}.Release|Any CPU.ActiveCfg = Release|Any CPU
		{E9D49E2F-6866-4BC2-8475-2E1AA5550B0E}.Release|Any CPU.Build.0 = Release|Any CPU
		{E9D49E2F-6866-4BC2-8475-2E1AA5550B0E}.Release|x64.ActiveCfg = Release|Any CPU
		{E9D49E2F-6866-4BC2-8475-2E1AA5550B0E}.Release|x64.Build.0 = Release|Any CPU
		{E9D49E2F-6866-4BC2-8475-2E1AA5550B0E}.Release|x86.ActiveCfg = Release|Any CPU
		{E9D49E2F-6866-4BC2-8475-2E1AA5550B0E}.Release|x86.Build.0 = Release|Any CPU
		{68FEEA55-73E3-477F-83EA-D06DC486F6A5}.Debug|Any CPU.ActiveCfg = Debug|Any CPU
		{68FEEA55-73E3-477F-83EA-D06DC486F6A5}.Debug|Any CPU.Build.0 = Debug|Any CPU
		{68FEEA55-73E3-477F-83EA-D06DC486F6A5}.Debug|x64.ActiveCfg = Debug|Any CPU
		{68FEEA55-73E3-477F-83EA-D06DC486F6A5}.Debug|x64.Build.0 = Debug|Any CPU
		{68FEEA55-73E3-477F-83EA-D06DC486F6A5}.Debug|x86.ActiveCfg = Debug|Any CPU
		{68FEEA55-73E3-477F-83EA-D06DC486F6A5}.Debug|x86.Build.0 = Debug|Any CPU
		{68FEEA55-73E3-477F-83EA-D06DC486F6A5}.Release|Any CPU.ActiveCfg = Release|Any CPU
		{68FEEA55-73E3-477F-83EA-D06DC486F6A5}.Release|Any CPU.Build.0 = Release|Any CPU
		{68FEEA55-73E3-477F-83EA-D06DC486F6A5}.Release|x64.ActiveCfg = Release|Any CPU
		{68FEEA55-73E3-477F-83EA-D06DC486F6A5}.Release|x64.Build.0 = Release|Any CPU
		{68FEEA55-73E3-477F-83EA-D06DC486F6A5}.Release|x86.ActiveCfg = Release|Any CPU
		{68FEEA55-73E3-477F-83EA-D06DC486F6A5}.Release|x86.Build.0 = Release|Any CPU
	EndGlobalSection
	GlobalSection(SolutionProperties) = preSolution
		HideSolutionNode = FALSE
	EndGlobalSection
	GlobalSection(ExtensibilityGlobals) = postSolution
		SolutionGuid = {4D9E2D0F-DCCF-476E-BAE4-0EEBBADFCED8}
	EndGlobalSection
EndGlobal
